
Microsoft Visual Studio Solution File, Format Version 12.00
# Visual Studio Version 16
VisualStudioVersion = 16.0.31205.134
MinimumVisualStudioVersion = 10.0.40219.1
Project("{FAE04EC0-301F-11D3-BF4B-00C04F79EFBC}") = "MBTL.Unpacker", "MBTL.Unpacker\MBTL.Unpacker.csproj", "{B1DC5562-DB44-4441-BD45-BBBB45257B76}"
EndProject
Global
	GlobalSection(SolutionConfigurationPlatforms) = preSolution
		Debug|Any CPU = Debug|Any CPU
		Release|Any CPU = Release|Any CPU
	EndGlobalSection
	GlobalSection(ProjectConfigurationPlatforms) = postSolution
		{B1DC5562-DB44-4441-BD45-BBBB45257B76}.Debug|Any CPU.ActiveCfg = Debug|Any CPU
		{B1DC5562-DB44-4441-BD45-BBBB45257B76}.Debug|Any CPU.Build.0 = Debug|Any CPU
		{B1DC5562-DB44-4441-BD45-BBBB45257B76}.Release|Any CPU.ActiveCfg = Release|Any CPU
		{B1DC5562-DB44-4441-BD45-BBBB45257B76}.Release|Any CPU.Build.0 = Release|Any CPU
	EndGlobalSection
	GlobalSection(SolutionProperties) = preSolution
		HideSolutionNode = FALSE
	EndGlobalSection
	GlobalSection(ExtensibilityGlobals) = postSolution
		SolutionGuid = {92DBEBFF-AD47-4BD2-9F82-84EBDC21CE94}
	EndGlobalSection
EndGlobal
